
Microsoft Visual Studio Solution File, Format Version 12.00
# Visual Studio 15
VisualStudioVersion = 15.0.27130.2020
MinimumVisualStudioVersion = 10.0.40219.1
Project("{9A19103F-16F7-4668-BE54-9A1E7A4F7556}") = "ShowFeed", "ShowFeed\ShowFeed.csproj", "{DF0D3CCE-3A20-4DFB-B7B9-F0DDE052165F}"
EndProject
Global
	GlobalSection(SolutionConfigurationPlatforms) = preSolution
		Debug|Any CPU = Debug|Any CPU
		Release|Any CPU = Release|Any CPU
	EndGlobalSection
	GlobalSection(ProjectConfigurationPlatforms) = postSolution
		{DF0D3CCE-3A20-4DFB-B7B9-F0DDE052165F}.Debug|Any CPU.ActiveCfg = Debug|Any CPU
		{DF0D3CCE-3A20-4DFB-B7B9-F0DDE052165F}.Debug|Any CPU.Build.0 = Debug|Any CPU
		{DF0D3CCE-3A20-4DFB-B7B9-F0DDE052165F}.Release|Any CPU.ActiveCfg = Release|Any CPU
		{DF0D3CCE-3A20-4DFB-B7B9-F0DDE052165F}.Release|Any CPU.Build.0 = Release|Any CPU
	EndGlobalSection
	GlobalSection(SolutionProperties) = preSolution
		HideSolutionNode = FALSE
	EndGlobalSection
	GlobalSection(ExtensibilityGlobals) = postSolution
		SolutionGuid = {D100A494-DC5C-4454-A725-7EE8D08B5B7A}
	EndGlobalSection
EndGlobal
